
Microsoft Visual Studio Solution File, Format Version 12.00
# Visual Studio 15
VisualStudioVersion = 15.0.26730.12
MinimumVisualStudioVersion = 10.0.40219.1
Project("{9A19103F-16F7-4668-BE54-9A1E7A4F7556}") = "InterSaleApi", "InterSaleApi\InterSaleApi.csproj", "{14BE87A9-E56D-4CA7-9061-0ED171A74412}"
EndProject
Project("{FAE04EC0-301F-11D3-BF4B-00C04F79EFBC}") = "KKFCoreEngine", "KKFCoreEngine\KKFCoreEngine.csproj", "{D507C61E-7662-4E2D-B544-CF666209CA7C}"
EndProject
Project("{9A19103F-16F7-4668-BE54-9A1E7A4F7556}") = "InterSaleModel", "InterSaleModel\InterSaleModel.csproj", "{9AD74D39-79FB-419B-B931-D2521B0A6C2B}"
EndProject
Project("{9A19103F-16F7-4668-BE54-9A1E7A4F7556}") = "InterSaleWeb", "InterSaleWeb\InterSaleWeb.csproj", "{0020A48A-383A-4D2D-9450-C372E7E1B699}"
EndProject
Project("{9A19103F-16F7-4668-BE54-9A1E7A4F7556}") = "InterSaleTest", "InterSaleTest\InterSaleTest.csproj", "{0BF4002F-0D61-425E-B68F-998BB4C7DE51}"
EndProject
Global
	GlobalSection(SolutionConfigurationPlatforms) = preSolution
		Debug|Any CPU = Debug|Any CPU
		Debug|x64 = Debug|x64
		Debug|x86 = Debug|x86
		Release|Any CPU = Release|Any CPU
		Release|x64 = Release|x64
		Release|x86 = Release|x86
	EndGlobalSection
	GlobalSection(ProjectConfigurationPlatforms) = postSolution
		{14BE87A9-E56D-4CA7-9061-0ED171A74412}.Debug|Any CPU.ActiveCfg = Debug|Any CPU
		{14BE87A9-E56D-4CA7-9061-0ED171A74412}.Debug|Any CPU.Build.0 = Debug|Any CPU
		{14BE87A9-E56D-4CA7-9061-0ED171A74412}.Debug|x64.ActiveCfg = Debug|Any CPU
		{14BE87A9-E56D-4CA7-9061-0ED171A74412}.Debug|x64.Build.0 = Debug|Any CPU
		{14BE87A9-E56D-4CA7-9061-0ED171A74412}.Debug|x86.ActiveCfg = Debug|Any CPU
		{14BE87A9-E56D-4CA7-9061-0ED171A74412}.Debug|x86.Build.0 = Debug|Any CPU
		{14BE87A9-E56D-4CA7-9061-0ED171A74412}.Release|Any CPU.ActiveCfg = Release|Any CPU
		{14BE87A9-E56D-4CA7-9061-0ED171A74412}.Release|Any CPU.Build.0 = Release|Any CPU
		{14BE87A9-E56D-4CA7-9061-0ED171A74412}.Release|x64.ActiveCfg = Release|Any CPU
		{14BE87A9-E56D-4CA7-9061-0ED171A74412}.Release|x64.Build.0 = Release|Any CPU
		{14BE87A9-E56D-4CA7-9061-0ED171A74412}.Release|x86.ActiveCfg = Release|Any CPU
		{14BE87A9-E56D-4CA7-9061-0ED171A74412}.Release|x86.Build.0 = Release|Any CPU
		{D507C61E-7662-4E2D-B544-CF666209CA7C}.Debug|Any CPU.ActiveCfg = Debug|Any CPU
		{D507C61E-7662-4E2D-B544-CF666209CA7C}.Debug|Any CPU.Build.0 = Debug|Any CPU
		{D507C61E-7662-4E2D-B544-CF666209CA7C}.Debug|x64.ActiveCfg = Debug|Any CPU
		{D507C61E-7662-4E2D-B544-CF666209CA7C}.Debug|x64.Build.0 = Debug|Any CPU
		{D507C61E-7662-4E2D-B544-CF666209CA7C}.Debug|x86.ActiveCfg = Debug|Any CPU
		{D507C61E-7662-4E2D-B544-CF666209CA7C}.Debug|x86.Build.0 = Debug|Any CPU
		{D507C61E-7662-4E2D-B544-CF666209CA7C}.Release|Any CPU.ActiveCfg = Release|Any CPU
		{D507C61E-7662-4E2D-B544-CF666209CA7C}.Release|Any CPU.Build.0 = Release|Any CPU
		{D507C61E-7662-4E2D-B544-CF666209CA7C}.Release|x64.ActiveCfg = Release|Any CPU
		{D507C61E-7662-4E2D-B544-CF666209CA7C}.Release|x64.Build.0 = Release|Any CPU
		{D507C61E-7662-4E2D-B544-CF666209CA7C}.Release|x86.ActiveCfg = Release|Any CPU
		{D507C61E-7662-4E2D-B544-CF666209CA7C}.Release|x86.Build.0 = Release|Any CPU
		{9AD74D39-79FB-419B-B931-D2521B0A6C2B}.Debug|Any CPU.ActiveCfg = Debug|Any CPU
		{9AD74D39-79FB-419B-B931-D2521B0A6C2B}.Debug|Any CPU.Build.0 = Debug|Any CPU
		{9AD74D39-79FB-419B-B931-D2521B0A6C2B}.Debug|x64.ActiveCfg = Debug|Any CPU
		{9AD74D39-79FB-419B-B931-D2521B0A6C2B}.Debug|x64.Build.0 = Debug|Any CPU
		{9AD74D39-79FB-419B-B931-D2521B0A6C2B}.Debug|x86.ActiveCfg = Debug|Any CPU
		{9AD74D39-79FB-419B-B931-D2521B0A6C2B}.Debug|x86.Build.0 = Debug|Any CPU
		{9AD74D39-79FB-419B-B931-D2521B0A6C2B}.Release|Any CPU.ActiveCfg = Release|Any CPU
		{9AD74D39-79FB-419B-B931-D2521B0A6C2B}.Release|Any CPU.Build.0 = Release|Any CPU
		{9AD74D39-79FB-419B-B931-D2521B0A6C2B}.Release|x64.ActiveCfg = Release|Any CPU
		{9AD74D39-79FB-419B-B931-D2521B0A6C2B}.Release|x64.Build.0 = Release|Any CPU
		{9AD74D39-79FB-419B-B931-D2521B0A6C2B}.Release|x86.ActiveCfg = Release|Any CPU
		{9AD74D39-79FB-419B-B931-D2521B0A6C2B}.Release|x86.Build.0 = Release|Any CPU
		{0020A48A-383A-4D2D-9450-C372E7E1B699}.Debug|Any CPU.ActiveCfg = Debug|Any CPU
		{0020A48A-383A-4D2D-9450-C372E7E1B699}.Debug|Any CPU.Build.0 = Debug|Any CPU
		{0020A48A-383A-4D2D-9450-C372E7E1B699}.Debug|x64.ActiveCfg = Debug|Any CPU
		{0020A48A-383A-4D2D-9450-C372E7E1B699}.Debug|x64.Build.0 = Debug|Any CPU
		{0020A48A-383A-4D2D-9450-C372E7E1B699}.Debug|x86.ActiveCfg = Debug|Any CPU
		{0020A48A-383A-4D2D-9450-C372E7E1B699}.Debug|x86.Build.0 = Debug|Any CPU
		{0020A48A-383A-4D2D-9450-C372E7E1B699}.Release|Any CPU.ActiveCfg = Release|Any CPU
		{0020A48A-383A-4D2D-9450-C372E7E1B699}.Release|Any CPU.Build.0 = Release|Any CPU
		{0020A48A-383A-4D2D-9450-C372E7E1B699}.Release|x64.ActiveCfg = Release|Any CPU
		{0020A48A-383A-4D2D-9450-C372E7E1B699}.Release|x64.Build.0 = Release|Any CPU
		{0020A48A-383A-4D2D-9450-C372E7E1B699}.Release|x86.ActiveCfg = Release|Any CPU
		{0020A48A-383A-4D2D-9450-C372E7E1B699}.Release|x86.Build.0 = Release|Any CPU
		{0BF4002F-0D61-425E-B68F-998BB4C7DE51}.Debug|Any CPU.ActiveCfg = Debug|Any CPU
		{0BF4002F-0D61-425E-B68F-998BB4C7DE51}.Debug|Any CPU.Build.0 = Debug|Any CPU
		{0BF4002F-0D61-425E-B68F-998BB4C7DE51}.Debug|x64.ActiveCfg = Debug|x64
		{0BF4002F-0D61-425E-B68F-998BB4C7DE51}.Debug|x64.Build.0 = Debug|x64
		{0BF4002F-0D61-425E-B68F-998BB4C7DE51}.Debug|x86.ActiveCfg = Debug|x86
		{0BF4002F-0D61-425E-B68F-998BB4C7DE51}.Debug|x86.Build.0 = Debug|x86
		{0BF4002F-0D61-425E-B68F-998BB4C7DE51}.Release|Any CPU.ActiveCfg = Release|Any CPU
		{0BF4002F-0D61-425E-B68F-998BB4C7DE51}.Release|Any CPU.Build.0 = Release|Any CPU
		{0BF4002F-0D61-425E-B68F-998BB4C7DE51}.Release|x64.ActiveCfg = Release|x64
		{0BF4002F-0D61-425E-B68F-998BB4C7DE51}.Release|x64.Build.0 = Release|x64
		{0BF4002F-0D61-425E-B68F-998BB4C7DE51}.Release|x86.ActiveCfg = Release|x86
		{0BF4002F-0D61-425E-B68F-998BB4C7DE51}.Release|x86.Build.0 = Release|x86
	EndGlobalSection
	GlobalSection(SolutionProperties) = preSolution
		HideSolutionNode = FALSE
	EndGlobalSection
	GlobalSection(ExtensibilityGlobals) = postSolution
		SolutionGuid = {8A059AB1-295D-41D7-9D3A-DE3409F4C03E}
	EndGlobalSection
EndGlobal
